// !$*UTF8*$!
{
	archiveVersion = 1;
	classes = {
	};
	objectVersion = 50;
	objects = {

/* Begin PBXBuildFile section */
		2B92E365FC488085D47BE896 /* Pods_CountryInfoTests.framework in Frameworks */ = {isa = PBXBuildFile; fileRef = 73B757330AB023DF7EBFDA23 /* Pods_CountryInfoTests.framework */; };
		8713523C1D780B9FB002B372 /* Pods_CountryInfo.framework in Frameworks */ = {isa = PBXBuildFile; fileRef = 5591003B6E35C514A254C8E5 /* Pods_CountryInfo.framework */; };
		B5071AD922D7007F0025EA70 /* CIStringConstants.swift in Sources */ = {isa = PBXBuildFile; fileRef = B5071AD822D7007F0025EA70 /* CIStringConstants.swift */; };
		B5071ADC22D701930025EA70 /* Localizable.strings in Resources */ = {isa = PBXBuildFile; fileRef = B5071ADE22D701930025EA70 /* Localizable.strings */; };
		B5071AE022D7059E0025EA70 /* CIConstants.swift in Sources */ = {isa = PBXBuildFile; fileRef = B5071ADF22D7059E0025EA70 /* CIConstants.swift */; };
		B5071AE222D7132C0025EA70 /* CIConnectionManager.swift in Sources */ = {isa = PBXBuildFile; fileRef = B5071AE122D7132C0025EA70 /* CIConnectionManager.swift */; };
		B5071AE422D733C50025EA70 /* CITableViewContainer.swift in Sources */ = {isa = PBXBuildFile; fileRef = B5071AE322D733C50025EA70 /* CITableViewContainer.swift */; };
		B53C975C22D785E7008854A3 /* CINavigationController.swift in Sources */ = {isa = PBXBuildFile; fileRef = B53C975B22D785E7008854A3 /* CINavigationController.swift */; };
		B557797E22D624FE00CC99BC /* CIAlertPresenter.swift in Sources */ = {isa = PBXBuildFile; fileRef = B557797D22D624FE00CC99BC /* CIAlertPresenter.swift */; };
		B56AFBD622D4A6FE0004A68F /* AppDelegate.swift in Sources */ = {isa = PBXBuildFile; fileRef = B56AFBD522D4A6FE0004A68F /* AppDelegate.swift */; };
		B56AFBDD22D4A6FF0004A68F /* Assets.xcassets in Resources */ = {isa = PBXBuildFile; fileRef = B56AFBDC22D4A6FF0004A68F /* Assets.xcassets */; };
		B56AFBEB22D4A6FF0004A68F /* CountryInfoTests.swift in Sources */ = {isa = PBXBuildFile; fileRef = B56AFBEA22D4A6FF0004A68F /* CountryInfoTests.swift */; };
		B56AFBFA22D4B4B40004A68F /* CICountryInfoViewController.swift in Sources */ = {isa = PBXBuildFile; fileRef = B56AFBF922D4B4B40004A68F /* CICountryInfoViewController.swift */; };
		B56AFBFC22D4BA380004A68F /* CICountryDataModel.swift in Sources */ = {isa = PBXBuildFile; fileRef = B56AFBFB22D4BA380004A68F /* CICountryDataModel.swift */; };
		B56C036222D4D23A00320636 /* CINetworkHandler.swift in Sources */ = {isa = PBXBuildFile; fileRef = B56C036122D4D23A00320636 /* CINetworkHandler.swift */; };
		B5787F0C22D5628900A94FF1 /* UIView+Anchor.swift in Sources */ = {isa = PBXBuildFile; fileRef = B5787F0B22D5628900A94FF1 /* UIView+Anchor.swift */; };
		B5787F0E22D5635400A94FF1 /* CICountryInfoTableCell.swift in Sources */ = {isa = PBXBuildFile; fileRef = B5787F0D22D5635400A94FF1 /* CICountryInfoTableCell.swift */; };
		B5D345A022D85F1D007D50A4 /* CILazyImageLoad.swift in Sources */ = {isa = PBXBuildFile; fileRef = B5D3459F22D85F1D007D50A4 /* CILazyImageLoad.swift */; };
		B5D3D33C22D59E5900E983C7 /* CICountryInfoViewModel.swift in Sources */ = {isa = PBXBuildFile; fileRef = B5D3D33B22D59E5900E983C7 /* CICountryInfoViewModel.swift */; };
		B5D3D33E22D5AF2900E983C7 /* CIInfoCellViewModel.swift in Sources */ = {isa = PBXBuildFile; fileRef = B5D3D33D22D5AF2900E983C7 /* CIInfoCellViewModel.swift */; };
/* End PBXBuildFile section */

/* Begin PBXContainerItemProxy section */
		B56AFBE722D4A6FF0004A68F /* PBXContainerItemProxy */ = {
			isa = PBXContainerItemProxy;
			containerPortal = B56AFBCA22D4A6FE0004A68F /* Project object */;
			proxyType = 1;
			remoteGlobalIDString = B56AFBD122D4A6FE0004A68F;
			remoteInfo = CountryInfo;
		};
/* End PBXContainerItemProxy section */

/* Begin PBXFileReference section */
		5591003B6E35C514A254C8E5 /* Pods_CountryInfo.framework */ = {isa = PBXFileReference; explicitFileType = wrapper.framework; includeInIndex = 0; path = Pods_CountryInfo.framework; sourceTree = BUILT_PRODUCTS_DIR; };
		61A68A0910FF8F09E38116BA /* Pods-CountryInfo.debug.xcconfig */ = {isa = PBXFileReference; includeInIndex = 1; lastKnownFileType = text.xcconfig; name = "Pods-CountryInfo.debug.xcconfig"; path = "Pods/Target Support Files/Pods-CountryInfo/Pods-CountryInfo.debug.xcconfig"; sourceTree = "<group>"; };
		67D1BFADC6A0D4D9CEACE459 /* Pods-CountryInfo.release.xcconfig */ = {isa = PBXFileReference; includeInIndex = 1; lastKnownFileType = text.xcconfig; name = "Pods-CountryInfo.release.xcconfig"; path = "Pods/Target Support Files/Pods-CountryInfo/Pods-CountryInfo.release.xcconfig"; sourceTree = "<group>"; };
		73B757330AB023DF7EBFDA23 /* Pods_CountryInfoTests.framework */ = {isa = PBXFileReference; explicitFileType = wrapper.framework; includeInIndex = 0; path = Pods_CountryInfoTests.framework; sourceTree = BUILT_PRODUCTS_DIR; };
		93CE029C9288182A62DA6361 /* Pods-CountryInfoTests.release.xcconfig */ = {isa = PBXFileReference; includeInIndex = 1; lastKnownFileType = text.xcconfig; name = "Pods-CountryInfoTests.release.xcconfig"; path = "Pods/Target Support Files/Pods-CountryInfoTests/Pods-CountryInfoTests.release.xcconfig"; sourceTree = "<group>"; };
		B5071AD822D7007F0025EA70 /* CIStringConstants.swift */ = {isa = PBXFileReference; lastKnownFileType = sourcecode.swift; path = CIStringConstants.swift; sourceTree = "<group>"; };
		B5071ADD22D701930025EA70 /* en */ = {isa = PBXFileReference; lastKnownFileType = text.plist.strings; name = en; path = en.lproj/Localizable.strings; sourceTree = "<group>"; };
		B5071ADF22D7059E0025EA70 /* CIConstants.swift */ = {isa = PBXFileReference; lastKnownFileType = sourcecode.swift; path = CIConstants.swift; sourceTree = "<group>"; };
		B5071AE122D7132C0025EA70 /* CIConnectionManager.swift */ = {isa = PBXFileReference; lastKnownFileType = sourcecode.swift; path = CIConnectionManager.swift; sourceTree = "<group>"; };
		B5071AE322D733C50025EA70 /* CITableViewContainer.swift */ = {isa = PBXFileReference; lastKnownFileType = sourcecode.swift; path = CITableViewContainer.swift; sourceTree = "<group>"; };
		B53C975B22D785E7008854A3 /* CINavigationController.swift */ = {isa = PBXFileReference; lastKnownFileType = sourcecode.swift; path = CINavigationController.swift; sourceTree = "<group>"; };
		B557797D22D624FE00CC99BC /* CIAlertPresenter.swift */ = {isa = PBXFileReference; lastKnownFileType = sourcecode.swift; path = CIAlertPresenter.swift; sourceTree = "<group>"; };
		B56AFBD222D4A6FE0004A68F /* CountryInfo.app */ = {isa = PBXFileReference; explicitFileType = wrapper.application; includeInIndex = 0; path = CountryInfo.app; sourceTree = BUILT_PRODUCTS_DIR; };
		B56AFBD522D4A6FE0004A68F /* AppDelegate.swift */ = {isa = PBXFileReference; lastKnownFileType = sourcecode.swift; path = AppDelegate.swift; sourceTree = "<group>"; };
		B56AFBDC22D4A6FF0004A68F /* Assets.xcassets */ = {isa = PBXFileReference; lastKnownFileType = folder.assetcatalog; path = Assets.xcassets; sourceTree = "<group>"; };
		B56AFBE122D4A6FF0004A68F /* Info.plist */ = {isa = PBXFileReference; lastKnownFileType = text.plist.xml; path = Info.plist; sourceTree = "<group>"; };
		B56AFBE622D4A6FF0004A68F /* CountryInfoTests.xctest */ = {isa = PBXFileReference; explicitFileType = wrapper.cfbundle; includeInIndex = 0; path = CountryInfoTests.xctest; sourceTree = BUILT_PRODUCTS_DIR; };
		B56AFBEA22D4A6FF0004A68F /* CountryInfoTests.swift */ = {isa = PBXFileReference; lastKnownFileType = sourcecode.swift; path = CountryInfoTests.swift; sourceTree = "<group>"; };
		B56AFBEC22D4A6FF0004A68F /* Info.plist */ = {isa = PBXFileReference; lastKnownFileType = text.plist.xml; path = Info.plist; sourceTree = "<group>"; };
		B56AFBF922D4B4B40004A68F /* CICountryInfoViewController.swift */ = {isa = PBXFileReference; fileEncoding = 4; lastKnownFileType = sourcecode.swift; path = CICountryInfoViewController.swift; sourceTree = "<group>"; };
		B56AFBFB22D4BA380004A68F /* CICountryDataModel.swift */ = {isa = PBXFileReference; lastKnownFileType = sourcecode.swift; path = CICountryDataModel.swift; sourceTree = "<group>"; };
		B56C036122D4D23A00320636 /* CINetworkHandler.swift */ = {isa = PBXFileReference; lastKnownFileType = sourcecode.swift; path = CINetworkHandler.swift; sourceTree = "<group>"; };
		B5787F0B22D5628900A94FF1 /* UIView+Anchor.swift */ = {isa = PBXFileReference; lastKnownFileType = sourcecode.swift; path = "UIView+Anchor.swift"; sourceTree = "<group>"; };
		B5787F0D22D5635400A94FF1 /* CICountryInfoTableCell.swift */ = {isa = PBXFileReference; lastKnownFileType = sourcecode.swift; path = CICountryInfoTableCell.swift; sourceTree = "<group>"; };
		B5D3459F22D85F1D007D50A4 /* CILazyImageLoad.swift */ = {isa = PBXFileReference; lastKnownFileType = sourcecode.swift; path = CILazyImageLoad.swift; sourceTree = "<group>"; };
		B5D3D33B22D59E5900E983C7 /* CICountryInfoViewModel.swift */ = {isa = PBXFileReference; lastKnownFileType = sourcecode.swift; path = CICountryInfoViewModel.swift; sourceTree = "<group>"; };
		B5D3D33D22D5AF2900E983C7 /* CIInfoCellViewModel.swift */ = {isa = PBXFileReference; lastKnownFileType = sourcecode.swift; path = CIInfoCellViewModel.swift; sourceTree = "<group>"; };
		D3A35F6B73DDE33AFB8DEA93 /* Pods-CountryInfoTests.debug.xcconfig */ = {isa = PBXFileReference; includeInIndex = 1; lastKnownFileType = text.xcconfig; name = "Pods-CountryInfoTests.debug.xcconfig"; path = "Pods/Target Support Files/Pods-CountryInfoTests/Pods-CountryInfoTests.debug.xcconfig"; sourceTree = "<group>"; };
/* End PBXFileReference section */

/* Begin PBXFrameworksBuildPhase section */
		B56AFBCF22D4A6FE0004A68F /* Frameworks */ = {
			isa = PBXFrameworksBuildPhase;
			buildActionMask = 2147483647;
			files = (
				8713523C1D780B9FB002B372 /* Pods_CountryInfo.framework in Frameworks */,
			);
			runOnlyForDeploymentPostprocessing = 0;
		};
		B56AFBE322D4A6FF0004A68F /* Frameworks */ = {
			isa = PBXFrameworksBuildPhase;
			buildActionMask = 2147483647;
			files = (
				2B92E365FC488085D47BE896 /* Pods_CountryInfoTests.framework in Frameworks */,
			);
			runOnlyForDeploymentPostprocessing = 0;
		};
/* End PBXFrameworksBuildPhase section */

/* Begin PBXGroup section */
		0725D82E81EFA30FA9CE32BF /* Frameworks */ = {
			isa = PBXGroup;
			children = (
				5591003B6E35C514A254C8E5 /* Pods_CountryInfo.framework */,
				73B757330AB023DF7EBFDA23 /* Pods_CountryInfoTests.framework */,
			);
			name = Frameworks;
			sourceTree = "<group>";
		};
		AEB0A65880D2AB4BFF10571C /* Pods */ = {
			isa = PBXGroup;
			children = (
				61A68A0910FF8F09E38116BA /* Pods-CountryInfo.debug.xcconfig */,
				67D1BFADC6A0D4D9CEACE459 /* Pods-CountryInfo.release.xcconfig */,
				D3A35F6B73DDE33AFB8DEA93 /* Pods-CountryInfoTests.debug.xcconfig */,
				93CE029C9288182A62DA6361 /* Pods-CountryInfoTests.release.xcconfig */,
			);
			name = Pods;
			sourceTree = "<group>";
		};
		B5071AD722D700670025EA70 /* Constants */ = {
			isa = PBXGroup;
			children = (
				B5071ADF22D7059E0025EA70 /* CIConstants.swift */,
				B5071AD822D7007F0025EA70 /* CIStringConstants.swift */,
			);
			path = Constants;
			sourceTree = "<group>";
		};
		B557797C22D624D300CC99BC /* Utility */ = {
			isa = PBXGroup;
			children = (
				B557797D22D624FE00CC99BC /* CIAlertPresenter.swift */,
				B5D3459F22D85F1D007D50A4 /* CILazyImageLoad.swift */,
			);
			path = Utility;
			sourceTree = "<group>";
		};
		B56AFBC922D4A6FE0004A68F = {
			isa = PBXGroup;
			children = (
				B56AFBD422D4A6FE0004A68F /* CountryInfo */,
				B56AFBE922D4A6FF0004A68F /* CountryInfoTests */,
				B56AFBD322D4A6FE0004A68F /* Products */,
				AEB0A65880D2AB4BFF10571C /* Pods */,
				0725D82E81EFA30FA9CE32BF /* Frameworks */,
			);
			sourceTree = "<group>";
		};
		B56AFBD322D4A6FE0004A68F /* Products */ = {
			isa = PBXGroup;
			children = (
				B56AFBD222D4A6FE0004A68F /* CountryInfo.app */,
				B56AFBE622D4A6FF0004A68F /* CountryInfoTests.xctest */,
			);
			name = Products;
			sourceTree = "<group>";
		};
		B56AFBD422D4A6FE0004A68F /* CountryInfo */ = {
			isa = PBXGroup;
			children = (
				B56AFBD522D4A6FE0004A68F /* AppDelegate.swift */,
				B56AFBF522D4B4B40004A68F /* CountryInfoController */,
				B56C036022D4D0F100320636 /* WebServices */,
				B5787F0A22D5626D00A94FF1 /* Extensions */,
				B557797C22D624D300CC99BC /* Utility */,
				B5071AD722D700670025EA70 /* Constants */,
				B56AFBDC22D4A6FF0004A68F /* Assets.xcassets */,
				B56AFBE122D4A6FF0004A68F /* Info.plist */,
				B5071ADE22D701930025EA70 /* Localizable.strings */,
			);
			path = CountryInfo;
			sourceTree = "<group>";
		};
		B56AFBE922D4A6FF0004A68F /* CountryInfoTests */ = {
			isa = PBXGroup;
			children = (
				B56AFBEA22D4A6FF0004A68F /* CountryInfoTests.swift */,
				B56AFBEC22D4A6FF0004A68F /* Info.plist */,
			);
			path = CountryInfoTests;
			sourceTree = "<group>";
		};
		B56AFBF522D4B4B40004A68F /* CountryInfoController */ = {
			isa = PBXGroup;
			children = (
				B56AFBF722D4B4B40004A68F /* Model */,
				B56AFBF822D4B4B40004A68F /* View */,
				B56AFBF622D4B4B40004A68F /* ViewModel */,
				B56AFBF922D4B4B40004A68F /* CICountryInfoViewController.swift */,
				B53C975B22D785E7008854A3 /* CINavigationController.swift */,
			);
			path = CountryInfoController;
			sourceTree = "<group>";
		};
		B56AFBF622D4B4B40004A68F /* ViewModel */ = {
			isa = PBXGroup;
			children = (
				B5D3D33B22D59E5900E983C7 /* CICountryInfoViewModel.swift */,
				B5D3D33D22D5AF2900E983C7 /* CIInfoCellViewModel.swift */,
			);
			path = ViewModel;
			sourceTree = "<group>";
		};
		B56AFBF722D4B4B40004A68F /* Model */ = {
			isa = PBXGroup;
			children = (
				B56AFBFB22D4BA380004A68F /* CICountryDataModel.swift */,
			);
			path = Model;
			sourceTree = "<group>";
		};
		B56AFBF822D4B4B40004A68F /* View */ = {
			isa = PBXGroup;
			children = (
				B5071AE322D733C50025EA70 /* CITableViewContainer.swift */,
				B5787F0D22D5635400A94FF1 /* CICountryInfoTableCell.swift */,
			);
			path = View;
			sourceTree = "<group>";
		};
		B56C036022D4D0F100320636 /* WebServices */ = {
			isa = PBXGroup;
			children = (
				B56C036122D4D23A00320636 /* CINetworkHandler.swift */,
				B5071AE122D7132C0025EA70 /* CIConnectionManager.swift */,
			);
			path = WebServices;
			sourceTree = "<group>";
		};
		B5787F0A22D5626D00A94FF1 /* Extensions */ = {
			isa = PBXGroup;
			children = (
				B5787F0B22D5628900A94FF1 /* UIView+Anchor.swift */,
			);
			path = Extensions;
			sourceTree = "<group>";
		};
/* End PBXGroup section */

/* Begin PBXNativeTarget section */
		B56AFBD122D4A6FE0004A68F /* CountryInfo */ = {
			isa = PBXNativeTarget;
			buildConfigurationList = B56AFBEF22D4A6FF0004A68F /* Build configuration list for PBXNativeTarget "CountryInfo" */;
			buildPhases = (
				6ED40756FD81F2DF47CC97D5 /* [CP] Check Pods Manifest.lock */,
				B56AFBCE22D4A6FE0004A68F /* Sources */,
				B56AFBCF22D4A6FE0004A68F /* Frameworks */,
				B56AFBD022D4A6FE0004A68F /* Resources */,
				3292D64EE28ABEEEDAF70450 /* [CP] Embed Pods Frameworks */,
			);
			buildRules = (
			);
			dependencies = (
			);
			name = CountryInfo;
			productName = CountryInfo;
			productReference = B56AFBD222D4A6FE0004A68F /* CountryInfo.app */;
			productType = "com.apple.product-type.application";
		};
		B56AFBE522D4A6FF0004A68F /* CountryInfoTests */ = {
			isa = PBXNativeTarget;
			buildConfigurationList = B56AFBF222D4A6FF0004A68F /* Build configuration list for PBXNativeTarget "CountryInfoTests" */;
			buildPhases = (
				826F26E858A9FABD4557551C /* [CP] Check Pods Manifest.lock */,
				B56AFBE222D4A6FF0004A68F /* Sources */,
				B56AFBE322D4A6FF0004A68F /* Frameworks */,
				B56AFBE422D4A6FF0004A68F /* Resources */,
			);
			buildRules = (
			);
			dependencies = (
				B56AFBE822D4A6FF0004A68F /* PBXTargetDependency */,
			);
			name = CountryInfoTests;
			productName = CountryInfoTests;
			productReference = B56AFBE622D4A6FF0004A68F /* CountryInfoTests.xctest */;
			productType = "com.apple.product-type.bundle.unit-test";
		};
/* End PBXNativeTarget section */

/* Begin PBXProject section */
		B56AFBCA22D4A6FE0004A68F /* Project object */ = {
			isa = PBXProject;
			attributes = {
				LastSwiftUpdateCheck = 1020;
				LastUpgradeCheck = 1020;
				ORGANIZATIONNAME = Organization;
				TargetAttributes = {
					B56AFBD122D4A6FE0004A68F = {
						CreatedOnToolsVersion = 10.2;
					};
					B56AFBE522D4A6FF0004A68F = {
						CreatedOnToolsVersion = 10.2;
						TestTargetID = B56AFBD122D4A6FE0004A68F;
					};
				};
			};
			buildConfigurationList = B56AFBCD22D4A6FE0004A68F /* Build configuration list for PBXProject "CountryInfo" */;
			compatibilityVersion = "Xcode 9.3";
			developmentRegion = en;
			hasScannedForEncodings = 0;
			knownRegions = (
				en,
				Base,
			);
			mainGroup = B56AFBC922D4A6FE0004A68F;
			productRefGroup = B56AFBD322D4A6FE0004A68F /* Products */;
			projectDirPath = "";
			projectRoot = "";
			targets = (
				B56AFBD122D4A6FE0004A68F /* CountryInfo */,
				B56AFBE522D4A6FF0004A68F /* CountryInfoTests */,
			);
		};
/* End PBXProject section */

/* Begin PBXResourcesBuildPhase section */
		B56AFBD022D4A6FE0004A68F /* Resources */ = {
			isa = PBXResourcesBuildPhase;
			buildActionMask = 2147483647;
			files = (
				B5071ADC22D701930025EA70 /* Localizable.strings in Resources */,
				B56AFBDD22D4A6FF0004A68F /* Assets.xcassets in Resources */,
			);
			runOnlyForDeploymentPostprocessing = 0;
		};
		B56AFBE422D4A6FF0004A68F /* Resources */ = {
			isa = PBXResourcesBuildPhase;
			buildActionMask = 2147483647;
			files = (
			);
			runOnlyForDeploymentPostprocessing = 0;
		};
/* End PBXResourcesBuildPhase section */

/* Begin PBXShellScriptBuildPhase section */
		3292D64EE28ABEEEDAF70450 /* [CP] Embed Pods Frameworks */ = {
			isa = PBXShellScriptBuildPhase;
			buildActionMask = 2147483647;
			files = (
			);
			inputFileListPaths = (
			);
			inputPaths = (
				"${SRCROOT}/Pods/Target Support Files/Pods-CountryInfo/Pods-CountryInfo-frameworks.sh",
				"${BUILT_PRODUCTS_DIR}/ReachabilitySwift/Reachability.framework",
				"${BUILT_PRODUCTS_DIR}/SDWebImage/SDWebImage.framework",
				"${BUILT_PRODUCTS_DIR}/SVProgressHUD/SVProgressHUD.framework",
			);
			name = "[CP] Embed Pods Frameworks";
			outputFileListPaths = (
			);
			outputPaths = (
				"${TARGET_BUILD_DIR}/${FRAMEWORKS_FOLDER_PATH}/Reachability.framework",
				"${TARGET_BUILD_DIR}/${FRAMEWORKS_FOLDER_PATH}/SDWebImage.framework",
				"${TARGET_BUILD_DIR}/${FRAMEWORKS_FOLDER_PATH}/SVProgressHUD.framework",
			);
			runOnlyForDeploymentPostprocessing = 0;
			shellPath = /bin/sh;
			shellScript = "\"${SRCROOT}/Pods/Target Support Files/Pods-CountryInfo/Pods-CountryInfo-frameworks.sh\"\n";
			showEnvVarsInLog = 0;
		};
		6ED40756FD81F2DF47CC97D5 /* [CP] Check Pods Manifest.lock */ = {
			isa = PBXShellScriptBuildPhase;
			buildActionMask = 2147483647;
			files = (
			);
			inputFileListPaths = (
			);
			inputPaths = (
				"${PODS_PODFILE_DIR_PATH}/Podfile.lock",
				"${PODS_ROOT}/Manifest.lock",
			);
			name = "[CP] Check Pods Manifest.lock";
			outputFileListPaths = (
			);
			outputPaths = (
				"$(DERIVED_FILE_DIR)/Pods-CountryInfo-checkManifestLockResult.txt",
			);
			runOnlyForDeploymentPostprocessing = 0;
			shellPath = /bin/sh;
			shellScript = "diff \"${PODS_PODFILE_DIR_PATH}/Podfile.lock\" \"${PODS_ROOT}/Manifest.lock\" > /dev/null\nif [ $? != 0 ] ; then\n    # print error to STDERR\n    echo \"error: The sandbox is not in sync with the Podfile.lock. Run 'pod install' or update your CocoaPods installation.\" >&2\n    exit 1\nfi\n# This output is used by Xcode 'outputs' to avoid re-running this script phase.\necho \"SUCCESS\" > \"${SCRIPT_OUTPUT_FILE_0}\"\n";
			showEnvVarsInLog = 0;
		};
		826F26E858A9FABD4557551C /* [CP] Check Pods Manifest.lock */ = {
			isa = PBXShellScriptBuildPhase;
			buildActionMask = 2147483647;
			files = (
			);
			inputFileListPaths = (
			);
			inputPaths = (
				"${PODS_PODFILE_DIR_PATH}/Podfile.lock",
				"${PODS_ROOT}/Manifest.lock",
			);
			name = "[CP] Check Pods Manifest.lock";
			outputFileListPaths = (
			);
			outputPaths = (
				"$(DERIVED_FILE_DIR)/Pods-CountryInfoTests-checkManifestLockResult.txt",
			);
			runOnlyForDeploymentPostprocessing = 0;
			shellPath = /bin/sh;
			shellScript = "diff \"${PODS_PODFILE_DIR_PATH}/Podfile.lock\" \"${PODS_ROOT}/Manifest.lock\" > /dev/null\nif [ $? != 0 ] ; then\n    # print error to STDERR\n    echo \"error: The sandbox is not in sync with the Podfile.lock. Run 'pod install' or update your CocoaPods installation.\" >&2\n    exit 1\nfi\n# This output is used by Xcode 'outputs' to avoid re-running this script phase.\necho \"SUCCESS\" > \"${SCRIPT_OUTPUT_FILE_0}\"\n";
			showEnvVarsInLog = 0;
		};
/* End PBXShellScriptBuildPhase section */

/* Begin PBXSourcesBuildPhase section */
		B56AFBCE22D4A6FE0004A68F /* Sources */ = {
			isa = PBXSourcesBuildPhase;
			buildActionMask = 2147483647;
			files = (
				B557797E22D624FE00CC99BC /* CIAlertPresenter.swift in Sources */,
				B5071AE422D733C50025EA70 /* CITableViewContainer.swift in Sources */,
				B5071AE022D7059E0025EA70 /* CIConstants.swift in Sources */,
				B5D3D33E22D5AF2900E983C7 /* CIInfoCellViewModel.swift in Sources */,
				B56AFBFC22D4BA380004A68F /* CICountryDataModel.swift in Sources */,
				B5D3D33C22D59E5900E983C7 /* CICountryInfoViewModel.swift in Sources */,
				B5787F0E22D5635400A94FF1 /* CICountryInfoTableCell.swift in Sources */,
				B56C036222D4D23A00320636 /* CINetworkHandler.swift in Sources */,
				B5071AE222D7132C0025EA70 /* CIConnectionManager.swift in Sources */,
				B53C975C22D785E7008854A3 /* CINavigationController.swift in Sources */,
				B5071AD922D7007F0025EA70 /* CIStringConstants.swift in Sources */,
				B56AFBD622D4A6FE0004A68F /* AppDelegate.swift in Sources */,
				B5D345A022D85F1D007D50A4 /* CILazyImageLoad.swift in Sources */,
				B56AFBFA22D4B4B40004A68F /* CICountryInfoViewController.swift in Sources */,
				B5787F0C22D5628900A94FF1 /* UIView+Anchor.swift in Sources */,
			);
			runOnlyForDeploymentPostprocessing = 0;
		};
		B56AFBE222D4A6FF0004A68F /* Sources */ = {
			isa = PBXSourcesBuildPhase;
			buildActionMask = 2147483647;
			files = (
				B56AFBEB22D4A6FF0004A68F /* CountryInfoTests.swift in Sources */,
			);
			runOnlyForDeploymentPostprocessing = 0;
		};
/* End PBXSourcesBuildPhase section */

/* Begin PBXTargetDependency section */
		B56AFBE822D4A6FF0004A68F /* PBXTargetDependency */ = {
			isa = PBXTargetDependency;
			target = B56AFBD122D4A6FE0004A68F /* CountryInfo */;
			targetProxy = B56AFBE722D4A6FF0004A68F /* PBXContainerItemProxy */;
		};
/* End PBXTargetDependency section */

/* Begin PBXVariantGroup section */
		B5071ADE22D701930025EA70 /* Localizable.strings */ = {
			isa = PBXVariantGroup;
			children = (
				B5071ADD22D701930025EA70 /* en */,
			);
			name = Localizable.strings;
			sourceTree = "<group>";
		};
/* End PBXVariantGroup section */

/* Begin XCBuildConfiguration section */
		B56AFBED22D4A6FF0004A68F /* Debug */ = {
			isa = XCBuildConfiguration;
			buildSettings = {
				ALWAYS_SEARCH_USER_PATHS = NO;
				CLANG_ANALYZER_NONNULL = YES;
				CLANG_ANALYZER_NUMBER_OBJECT_CONVERSION = YES_AGGRESSIVE;
				CLANG_CXX_LANGUAGE_STANDARD = "gnu++14";
				CLANG_CXX_LIBRARY = "libc++";
				CLANG_ENABLE_MODULES = YES;
				CLANG_ENABLE_OBJC_ARC = YES;
				CLANG_ENABLE_OBJC_WEAK = YES;
				CLANG_WARN_BLOCK_CAPTURE_AUTORELEASING = YES;
				CLANG_WARN_BOOL_CONVERSION = YES;
				CLANG_WARN_COMMA = YES;
				CLANG_WARN_CONSTANT_CONVERSION = YES;
				CLANG_WARN_DEPRECATED_OBJC_IMPLEMENTATIONS = YES;
				CLANG_WARN_DIRECT_OBJC_ISA_USAGE = YES_ERROR;
				CLANG_WARN_DOCUMENTATION_COMMENTS = YES;
				CLANG_WARN_EMPTY_BODY = YES;
				CLANG_WARN_ENUM_CONVERSION = YES;
				CLANG_WARN_INFINITE_RECURSION = YES;
				CLANG_WARN_INT_CONVERSION = YES;
				CLANG_WARN_NON_LITERAL_NULL_CONVERSION = YES;
				CLANG_WARN_OBJC_IMPLICIT_RETAIN_SELF = YES;
				CLANG_WARN_OBJC_LITERAL_CONVERSION = YES;
				CLANG_WARN_OBJC_ROOT_CLASS = YES_ERROR;
				CLANG_WARN_RANGE_LOOP_ANALYSIS = YES;
				CLANG_WARN_STRICT_PROTOTYPES = YES;
				CLANG_WARN_SUSPICIOUS_MOVE = YES;
				CLANG_WARN_UNGUARDED_AVAILABILITY = YES_AGGRESSIVE;
				CLANG_WARN_UNREACHABLE_CODE = YES;
				CLANG_WARN__DUPLICATE_METHOD_MATCH = YES;
				CODE_SIGN_IDENTITY = "iPhone Developer";
				COPY_PHASE_STRIP = NO;
				DEBUG_INFORMATION_FORMAT = dwarf;
				ENABLE_STRICT_OBJC_MSGSEND = YES;
				ENABLE_TESTABILITY = YES;
				GCC_C_LANGUAGE_STANDARD = gnu11;
				GCC_DYNAMIC_NO_PIC = NO;
				GCC_NO_COMMON_BLOCKS = YES;
				GCC_OPTIMIZATION_LEVEL = 0;
				GCC_PREPROCESSOR_DEFINITIONS = (
					"DEBUG=1",
					"$(inherited)",
				);
				GCC_WARN_64_TO_32_BIT_CONVERSION = YES;
				GCC_WARN_ABOUT_RETURN_TYPE = YES_ERROR;
				GCC_WARN_UNDECLARED_SELECTOR = YES;
				GCC_WARN_UNINITIALIZED_AUTOS = YES_AGGRESSIVE;
				GCC_WARN_UNUSED_FUNCTION = YES;
				GCC_WARN_UNUSED_VARIABLE = YES;
				IPHONEOS_DEPLOYMENT_TARGET = 12.2;
				MTL_ENABLE_DEBUG_INFO = INCLUDE_SOURCE;
				MTL_FAST_MATH = YES;
				ONLY_ACTIVE_ARCH = YES;
				SDKROOT = iphoneos;
				SWIFT_ACTIVE_COMPILATION_CONDITIONS = DEBUG;
				SWIFT_OPTIMIZATION_LEVEL = "-Onone";
			};
			name = Debug;
		};
		B56AFBEE22D4A6FF0004A68F /* Release */ = {
			isa = XCBuildConfiguration;
			buildSettings = {
				ALWAYS_SEARCH_USER_PATHS = NO;
				CLANG_ANALYZER_NONNULL = YES;
				CLANG_ANALYZER_NUMBER_OBJECT_CONVERSION = YES_AGGRESSIVE;
				CLANG_CXX_LANGUAGE_STANDARD = "gnu++14";
				CLANG_CXX_LIBRARY = "libc++";
				CLANG_ENABLE_MODULES = YES;
				CLANG_ENABLE_OBJC_ARC = YES;
				CLANG_ENABLE_OBJC_WEAK = YES;
				CLANG_WARN_BLOCK_CAPTURE_AUTORELEASING = YES;
				CLANG_WARN_BOOL_CONVERSION = YES;
				CLANG_WARN_COMMA = YES;
				CLANG_WARN_CONSTANT_CONVERSION = YES;
				CLANG_WARN_DEPRECATED_OBJC_IMPLEMENTATIONS = YES;
				CLANG_WARN_DIRECT_OBJC_ISA_USAGE = YES_ERROR;
				CLANG_WARN_DOCUMENTATION_COMMENTS = YES;
				CLANG_WARN_EMPTY_BODY = YES;
				CLANG_WARN_ENUM_CONVERSION = YES;
				CLANG_WARN_INFINITE_RECURSION = YES;
				CLANG_WARN_INT_CONVERSION = YES;
				CLANG_WARN_NON_LITERAL_NULL_CONVERSION = YES;
				CLANG_WARN_OBJC_IMPLICIT_RETAIN_SELF = YES;
				CLANG_WARN_OBJC_LITERAL_CONVERSION = YES;
				CLANG_WARN_OBJC_ROOT_CLASS = YES_ERROR;
				CLANG_WARN_RANGE_LOOP_ANALYSIS = YES;
				CLANG_WARN_STRICT_PROTOTYPES = YES;
				CLANG_WARN_SUSPICIOUS_MOVE = YES;
				CLANG_WARN_UNGUARDED_AVAILABILITY = YES_AGGRESSIVE;
				CLANG_WARN_UNREACHABLE_CODE = YES;
				CLANG_WARN__DUPLICATE_METHOD_MATCH = YES;
				CODE_SIGN_IDENTITY = "iPhone Developer";
				COPY_PHASE_STRIP = NO;
				DEBUG_INFORMATION_FORMAT = "dwarf-with-dsym";
				ENABLE_NS_ASSERTIONS = NO;
				ENABLE_STRICT_OBJC_MSGSEND = YES;
				GCC_C_LANGUAGE_STANDARD = gnu11;
				GCC_NO_COMMON_BLOCKS = YES;
				GCC_WARN_64_TO_32_BIT_CONVERSION = YES;
				GCC_WARN_ABOUT_RETURN_TYPE = YES_ERROR;
				GCC_WARN_UNDECLARED_SELECTOR = YES;
				GCC_WARN_UNINITIALIZED_AUTOS = YES_AGGRESSIVE;
				GCC_WARN_UNUSED_FUNCTION = YES;
				GCC_WARN_UNUSED_VARIABLE = YES;
				IPHONEOS_DEPLOYMENT_TARGET = 12.2;
				MTL_ENABLE_DEBUG_INFO = NO;
				MTL_FAST_MATH = YES;
				SDKROOT = iphoneos;
				SWIFT_COMPILATION_MODE = wholemodule;
				SWIFT_OPTIMIZATION_LEVEL = "-O";
				VALIDATE_PRODUCT = YES;
			};
			name = Release;
		};
		B56AFBF022D4A6FF0004A68F /* Debug */ = {
			isa = XCBuildConfiguration;
			baseConfigurationReference = 61A68A0910FF8F09E38116BA /* Pods-CountryInfo.debug.xcconfig */;
			buildSettings = {
				ASSETCATALOG_COMPILER_APPICON_NAME = AppIcon;
				CODE_SIGN_STYLE = Automatic;
				DEVELOPMENT_TEAM = P62HWD5GUW;
				INFOPLIST_FILE = CountryInfo/Info.plist;
				IPHONEOS_DEPLOYMENT_TARGET = 10.0;
				LD_RUNPATH_SEARCH_PATHS = (
					"$(inherited)",
					"@executable_path/Frameworks",
				);
				PRODUCT_BUNDLE_IDENTIFIER = com.mindtree.CountryInfo;
				PRODUCT_NAME = "$(TARGET_NAME)";
				SWIFT_OBJC_BRIDGING_HEADER = "";
				SWIFT_VERSION = 5.0;
				TARGETED_DEVICE_FAMILY = "1,2";
			};
			name = Debug;
		};
		B56AFBF122D4A6FF0004A68F /* Release */ = {
			isa = XCBuildConfiguration;
			baseConfigurationReference = 67D1BFADC6A0D4D9CEACE459 /* Pods-CountryInfo.release.xcconfig */;
			buildSettings = {
				ASSETCATALOG_COMPILER_APPICON_NAME = AppIcon;
				CODE_SIGN_STYLE = Automatic;
				DEVELOPMENT_TEAM = P62HWD5GUW;
				INFOPLIST_FILE = CountryInfo/Info.plist;
				IPHONEOS_DEPLOYMENT_TARGET = 10.0;
				LD_RUNPATH_SEARCH_PATHS = (
					"$(inherited)",
					"@executable_path/Frameworks",
				);
				PRODUCT_BUNDLE_IDENTIFIER = com.mindtree.CountryInfo;
				PRODUCT_NAME = "$(TARGET_NAME)";
				SWIFT_OBJC_BRIDGING_HEADER = "";
				SWIFT_VERSION = 5.0;
				TARGETED_DEVICE_FAMILY = "1,2";
			};
			name = Release;
		};
		B56AFBF322D4A6FF0004A68F /* Debug */ = {
			isa = XCBuildConfiguration;
			baseConfigurationReference = D3A35F6B73DDE33AFB8DEA93 /* Pods-CountryInfoTests.debug.xcconfig */;
			buildSettings = {
				ALWAYS_EMBED_SWIFT_STANDARD_LIBRARIES = YES;
				BUNDLE_LOADER = "$(TEST_HOST)";
				CODE_SIGN_STYLE = Automatic;
				DEVELOPMENT_TEAM = P62HWD5GUW;
				INFOPLIST_FILE = CountryInfoTests/Info.plist;
				LD_RUNPATH_SEARCH_PATHS = (
					"$(inherited)",
					"@executable_path/Frameworks",
					"@loader_path/Frameworks",
				);
				PRODUCT_BUNDLE_IDENTIFIER = com.mindtree.CountryInfoTests;
				PRODUCT_NAME = "$(TARGET_NAME)";
				SWIFT_VERSION = 5.0;
				TARGETED_DEVICE_FAMILY = "1,2";
				TEST_HOST = "$(BUILT_PRODUCTS_DIR)/CountryInfo.app/CountryInfo";
			};
			name = Debug;
		};
		B56AFBF422D4A6FF0004A68F /* Release */ = {
			isa = XCBuildConfiguration;
			baseConfigurationReference = 93CE029C9288182A62DA6361 /* Pods-CountryInfoTests.release.xcconfig */;
			buildSettings = {
				ALWAYS_EMBED_SWIFT_STANDARD_LIBRARIES = YES;
				BUNDLE_LOADER = "$(TEST_HOST)";
				CODE_SIGN_STYLE = Automatic;
				DEVELOPMENT_TEAM = P62HWD5GUW;
				INFOPLIST_FILE = CountryInfoTests/Info.plist;
				LD_RUNPATH_SEARCH_PATHS = (
					"$(inherited)",
					"@executable_path/Frameworks",
					"@loader_path/Frameworks",
				);
				PRODUCT_BUNDLE_IDENTIFIER = com.mindtree.CountryInfoTests;
				PRODUCT_NAME = "$(TARGET_NAME)";
				SWIFT_VERSION = 5.0;
				TARGETED_DEVICE_FAMILY = "1,2";
				TEST_HOST = "$(BUILT_PRODUCTS_DIR)/CountryInfo.app/CountryInfo";
			};
			name = Release;
		};
/* End XCBuildConfiguration section */

/* Begin XCConfigurationList section */
		B56AFBCD22D4A6FE0004A68F /* Build configuration list for PBXProject "CountryInfo" */ = {
			isa = XCConfigurationList;
			buildConfigurations = (
				B56AFBED22D4A6FF0004A68F /* Debug */,
				B56AFBEE22D4A6FF0004A68F /* Release */,
			);
			defaultConfigurationIsVisible = 0;
			defaultConfigurationName = Release;
		};
		B56AFBEF22D4A6FF0004A68F /* Build configuration list for PBXNativeTarget "CountryInfo" */ = {
			isa = XCConfigurationList;
			buildConfigurations = (
				B56AFBF022D4A6FF0004A68F /* Debug */,
				B56AFBF122D4A6FF0004A68F /* Release */,
			);
			defaultConfigurationIsVisible = 0;
			defaultConfigurationName = Release;
		};
		B56AFBF222D4A6FF0004A68F /* Build configuration list for PBXNativeTarget "CountryInfoTests" */ = {
			isa = XCConfigurationList;
			buildConfigurations = (
				B56AFBF322D4A6FF0004A68F /* Debug */,
				B56AFBF422D4A6FF0004A68F /* Release */,
			);
			defaultConfigurationIsVisible = 0;
			defaultConfigurationName = Release;
		};
/* End XCConfigurationList section */
	};
	rootObject = B56AFBCA22D4A6FE0004A68F /* Project object */;
}
